
Microsoft Visual Studio Solution File, Format Version 12.00
# Visual Studio Version 17
VisualStudioVersion = 17.4.33213.308
MinimumVisualStudioVersion = 10.0.40219.1
Project("{FAE04EC0-301F-11D3-BF4B-00C04F79EFBC}") = "CarPark", "CarPark\CarPark.csproj", "{3995E0E6-4BB7-4D47-91BF-DF80203FC39B}"
EndProject
Global
	GlobalSection(SolutionConfigurationPlatforms) = preSolution
		Debug|Any CPU = Debug|Any CPU
		Release|Any CPU = Release|Any CPU
	EndGlobalSection
	GlobalSection(ProjectConfigurationPlatforms) = postSolution
		{3995E0E6-4BB7-4D47-91BF-DF80203FC39B}.Debug|Any CPU.ActiveCfg = Debug|Any CPU
		{3995E0E6-4BB7-4D47-91BF-DF80203FC39B}.Debug|Any CPU.Build.0 = Debug|Any CPU
		{3995E0E6-4BB7-4D47-91BF-DF80203FC39B}.Release|Any CPU.ActiveCfg = Release|Any CPU
		{3995E0E6-4BB7-4D47-91BF-DF80203FC39B}.Release|Any CPU.Build.0 = Release|Any CPU
	EndGlobalSection
	GlobalSection(SolutionProperties) = preSolution
		HideSolutionNode = FALSE
	EndGlobalSection
	GlobalSection(ExtensibilityGlobals) = postSolution
		SolutionGuid = {1E1EDA7C-EF87-439A-B488-879B269B42C6}
	EndGlobalSection
EndGlobal
